
Microsoft Visual Studio Solution File, Format Version 12.00
# Visual Studio Version 17
VisualStudioVersion = 17.0.31903.59
MinimumVisualStudioVersion = 10.0.40219.1
Project("{FAE04EC0-301F-11D3-BF4B-00C04F79EFBC}") = "BlazorOpenAiDemo", "BlazorOpenAiDemo\BlazorOpenAiDemo.csproj", "{BFD5CA71-9520-473E-B5F6-1980BD2FA040}"
EndProject
Global
	GlobalSection(SolutionConfigurationPlatforms) = preSolution
		Debug|Any CPU = Debug|Any CPU
		Debug|x64 = Debug|x64
		Debug|x86 = Debug|x86
		Release|Any CPU = Release|Any CPU
		Release|x64 = Release|x64
		Release|x86 = Release|x86
	EndGlobalSection
	GlobalSection(ProjectConfigurationPlatforms) = postSolution
		{BFD5CA71-9520-473E-B5F6-1980BD2FA040}.Debug|Any CPU.ActiveCfg = Debug|Any CPU
		{BFD5CA71-9520-473E-B5F6-1980BD2FA040}.Debug|Any CPU.Build.0 = Debug|Any CPU
		{BFD5CA71-9520-473E-B5F6-1980BD2FA040}.Debug|x64.ActiveCfg = Debug|Any CPU
		{BFD5CA71-9520-473E-B5F6-1980BD2FA040}.Debug|x64.Build.0 = Debug|Any CPU
		{BFD5CA71-9520-473E-B5F6-1980BD2FA040}.Debug|x86.ActiveCfg = Debug|Any CPU
		{BFD5CA71-9520-473E-B5F6-1980BD2FA040}.Debug|x86.Build.0 = Debug|Any CPU
		{BFD5CA71-9520-473E-B5F6-1980BD2FA040}.Release|Any CPU.ActiveCfg = Release|Any CPU
		{BFD5CA71-9520-473E-B5F6-1980BD2FA040}.Release|Any CPU.Build.0 = Release|Any CPU
		{BFD5CA71-9520-473E-B5F6-1980BD2FA040}.Release|x64.ActiveCfg = Release|Any CPU
		{BFD5CA71-9520-473E-B5F6-1980BD2FA040}.Release|x64.Build.0 = Release|Any CPU
		{BFD5CA71-9520-473E-B5F6-1980BD2FA040}.Release|x86.ActiveCfg = Release|Any CPU
		{BFD5CA71-9520-473E-B5F6-1980BD2FA040}.Release|x86.Build.0 = Release|Any CPU
		{5AC7802A-2EEA-46FC-8F01-08A52F801340}.Debug|Any CPU.ActiveCfg = Debug|Any CPU
		{5AC7802A-2EEA-46FC-8F01-08A52F801340}.Debug|Any CPU.Build.0 = Debug|Any CPU
		{5AC7802A-2EEA-46FC-8F01-08A52F801340}.Debug|x64.ActiveCfg = Debug|Any CPU
		{5AC7802A-2EEA-46FC-8F01-08A52F801340}.Debug|x64.Build.0 = Debug|Any CPU
		{5AC7802A-2EEA-46FC-8F01-08A52F801340}.Debug|x86.ActiveCfg = Debug|Any CPU
		{5AC7802A-2EEA-46FC-8F01-08A52F801340}.Debug|x86.Build.0 = Debug|Any CPU
		{5AC7802A-2EEA-46FC-8F01-08A52F801340}.Release|Any CPU.ActiveCfg = Release|Any CPU
		{5AC7802A-2EEA-46FC-8F01-08A52F801340}.Release|Any CPU.Build.0 = Release|Any CPU
		{5AC7802A-2EEA-46FC-8F01-08A52F801340}.Release|x64.ActiveCfg = Release|Any CPU
		{5AC7802A-2EEA-46FC-8F01-08A52F801340}.Release|x64.Build.0 = Release|Any CPU
		{5AC7802A-2EEA-46FC-8F01-08A52F801340}.Release|x86.ActiveCfg = Release|Any CPU
		{5AC7802A-2EEA-46FC-8F01-08A52F801340}.Release|x86.Build.0 = Release|Any CPU
	EndGlobalSection
	GlobalSection(SolutionProperties) = preSolution
		HideSolutionNode = FALSE
	EndGlobalSection
EndGlobal
